
Microsoft Visual Studio Solution File, Format Version 12.00
# Visual Studio 14
VisualStudioVersion = 14.0.25123.0
MinimumVisualStudioVersion = 10.0.40219.1
Project("{FAE04EC0-301F-11D3-BF4B-00C04F79EFBC}") = "PoMo.Server", "PoMo.Server\PoMo.Server.csproj", "{35815D43-8F31-4BE9-BE84-06E90B4C9CBB}"
EndProject
Project("{FAE04EC0-301F-11D3-BF4B-00C04F79EFBC}") = "PoMo.Common", "PoMo.Common\PoMo.Common.csproj", "{6EA3D0B6-8530-4AE4-AEDE-4DB5A3FBA8B4}"
EndProject
Project("{FAE04EC0-301F-11D3-BF4B-00C04F79EFBC}") = "PoMo.Loader", "PoMo.Loader\PoMo.Loader.csproj", "{82FA4E3E-2213-40CF-BAB6-9EF052D72B80}"
EndProject
Project("{FAE04EC0-301F-11D3-BF4B-00C04F79EFBC}") = "PoMo.Data", "PoMo.Data\PoMo.Data.csproj", "{115953EE-3A31-4CE8-A354-415446A00CD3}"
EndProject
Project("{2150E333-8FDC-42A3-9474-1A3956D46DE8}") = "Server", "Server", "{12CB7C4B-E7BC-4DF9-A897-151FCB696E4D}"
EndProject
Project("{2150E333-8FDC-42A3-9474-1A3956D46DE8}") = "Shared", "Shared", "{0FA23532-93FF-4A4A-913E-14E1411E77BA}"
EndProject
Project("{2150E333-8FDC-42A3-9474-1A3956D46DE8}") = "Loader", "Loader", "{7E887D65-1AE9-493D-8094-DB870CB553FF}"
EndProject
Global
	GlobalSection(SolutionConfigurationPlatforms) = preSolution
		Debug|Any CPU = Debug|Any CPU
		Release|Any CPU = Release|Any CPU
	EndGlobalSection
	GlobalSection(ProjectConfigurationPlatforms) = postSolution
		{35815D43-8F31-4BE9-BE84-06E90B4C9CBB}.Debug|Any CPU.ActiveCfg = Debug|Any CPU
		{35815D43-8F31-4BE9-BE84-06E90B4C9CBB}.Debug|Any CPU.Build.0 = Debug|Any CPU
		{35815D43-8F31-4BE9-BE84-06E90B4C9CBB}.Release|Any CPU.ActiveCfg = Release|Any CPU
		{35815D43-8F31-4BE9-BE84-06E90B4C9CBB}.Release|Any CPU.Build.0 = Release|Any CPU
		{6EA3D0B6-8530-4AE4-AEDE-4DB5A3FBA8B4}.Debug|Any CPU.ActiveCfg = Debug|Any CPU
		{6EA3D0B6-8530-4AE4-AEDE-4DB5A3FBA8B4}.Debug|Any CPU.Build.0 = Debug|Any CPU
		{6EA3D0B6-8530-4AE4-AEDE-4DB5A3FBA8B4}.Release|Any CPU.ActiveCfg = Release|Any CPU
		{6EA3D0B6-8530-4AE4-AEDE-4DB5A3FBA8B4}.Release|Any CPU.Build.0 = Release|Any CPU
		{82FA4E3E-2213-40CF-BAB6-9EF052D72B80}.Debug|Any CPU.ActiveCfg = Debug|Any CPU
		{82FA4E3E-2213-40CF-BAB6-9EF052D72B80}.Debug|Any CPU.Build.0 = Debug|Any CPU
		{82FA4E3E-2213-40CF-BAB6-9EF052D72B80}.Release|Any CPU.ActiveCfg = Release|Any CPU
		{82FA4E3E-2213-40CF-BAB6-9EF052D72B80}.Release|Any CPU.Build.0 = Release|Any CPU
		{115953EE-3A31-4CE8-A354-415446A00CD3}.Debug|Any CPU.ActiveCfg = Debug|Any CPU
		{115953EE-3A31-4CE8-A354-415446A00CD3}.Debug|Any CPU.Build.0 = Debug|Any CPU
		{115953EE-3A31-4CE8-A354-415446A00CD3}.Release|Any CPU.ActiveCfg = Release|Any CPU
		{115953EE-3A31-4CE8-A354-415446A00CD3}.Release|Any CPU.Build.0 = Release|Any CPU
	EndGlobalSection
	GlobalSection(SolutionProperties) = preSolution
		HideSolutionNode = FALSE
	EndGlobalSection
	GlobalSection(NestedProjects) = preSolution
		{35815D43-8F31-4BE9-BE84-06E90B4C9CBB} = {12CB7C4B-E7BC-4DF9-A897-151FCB696E4D}
		{6EA3D0B6-8530-4AE4-AEDE-4DB5A3FBA8B4} = {0FA23532-93FF-4A4A-913E-14E1411E77BA}
		{82FA4E3E-2213-40CF-BAB6-9EF052D72B80} = {7E887D65-1AE9-493D-8094-DB870CB553FF}
		{115953EE-3A31-4CE8-A354-415446A00CD3} = {0FA23532-93FF-4A4A-913E-14E1411E77BA}
	EndGlobalSection
EndGlobal
